# This file is automatically @generated by Cargo.
# It is not intended for manual editing.
version = 3

[[package]]
name = "aho-corasick"
version = "1.1.2"
source = "registry+https://github.com/rust-lang/crates.io-index"
checksum = "b2969dcb958b36655471fc61f7e416fa76033bdd4bfed0678d8fee1e2d07a1f0"
dependencies = [
 "memchr",
]

[[package]]
name = "autocfg"
version = "1.1.0"
source = "registry+https://github.com/rust-lang/crates.io-index"
checksum = "d468802bab17cbc0cc575e9b053f41e72aa36bfa6b7f55e3529ffa43161b97fa"

[[package]]
name = "cc"
version = "1.0.79"
source = "registry+https://github.com/rust-lang/crates.io-index"
checksum = "50d30906286121d95be3d479533b458f87493b30a4b5f79a607db8f5d11aa91f"
dependencies = [
 "jobserver",
]

[[package]]
name = "cfg-if"
version = "1.0.0"
source = "registry+https://github.com/rust-lang/crates.io-index"
checksum = "baf1de4339761588bc0619e3cbc0120ee582ebb74b53b4efbf79117bd2da40fd"

[[package]]
name = "clang"
version = "2.0.0"
source = "registry+https://github.com/rust-lang/crates.io-index"
checksum = "84c044c781163c001b913cd018fc95a628c50d0d2dfea8bca77dad71edb16e37"
dependencies = [
 "clang-sys",
 "libc",
]

[[package]]
name = "clang-sys"
version = "1.6.1"
source = "registry+https://github.com/rust-lang/crates.io-index"
checksum = "c688fc74432808e3eb684cae8830a86be1d66a2bd58e1f248ed0960a590baf6f"
dependencies = [
 "glob",
 "libc",
 "libloading",
]

[[package]]
name = "dunce"
version = "1.0.4"
source = "registry+https://github.com/rust-lang/crates.io-index"
checksum = "56ce8c6da7551ec6c462cbaf3bfbc75131ebbfa1c944aeaa9dab51ca1c5f0c3b"

[[package]]
name = "glob"
version = "0.3.1"
source = "registry+https://github.com/rust-lang/crates.io-index"
checksum = "d2fabcfbdc87f4758337ca535fb41a6d701b65693ce38287d856d1674551ec9b"

[[package]]
name = "jobserver"
version = "0.1.26"
source = "registry+https://github.com/rust-lang/crates.io-index"
checksum = "936cfd212a0155903bcbc060e316fb6cc7cbf2e1907329391ebadc1fe0ce77c2"
dependencies = [
 "libc",
]

[[package]]
name = "libc"
version = "0.2.149"
source = "registry+https://github.com/rust-lang/crates.io-index"
checksum = "a08173bc88b7955d1b3145aa561539096c421ac8debde8cbc3612ec635fee29b"

[[package]]
name = "libloading"
version = "0.7.4"
source = "registry+https://github.com/rust-lang/crates.io-index"
checksum = "b67380fd3b2fbe7527a606e18729d21c6f3951633d0500574c4dc22d2d638b9f"
dependencies = [
 "cfg-if",
 "winapi",
]

[[package]]
name = "maplit"
version = "1.0.2"
source = "registry+https://github.com/rust-lang/crates.io-index"
checksum = "3e2e65a1a2e43cfcb47a895c4c8b10d1f4a61097f9f254f183aee60cad9c651d"

[[package]]
name = "memchr"
version = "2.6.4"
source = "registry+https://github.com/rust-lang/crates.io-index"
checksum = "f665ee40bc4a3c5590afb1e9677db74a508659dfd71e126420da8274909a0167"

[[package]]
name = "num-traits"
version = "0.2.17"
source = "registry+https://github.com/rust-lang/crates.io-index"
checksum = "39e3200413f237f41ab11ad6d161bc7239c84dcb631773ccd7de3dfe4b5c267c"
dependencies = [
 "autocfg",
]

[[package]]
name = "once_cell"
version = "1.18.0"
source = "registry+https://github.com/rust-lang/crates.io-index"
checksum = "dd8b5dd2ae5ed71462c540258bedcb51965123ad7e7ccf4b9a8cafaa4a63576d"

[[package]]
name = "opencv"
version = "0.80.0"
source = "registry+https://github.com/rust-lang/crates.io-index"
checksum = "38d4242fe6629d522430154cd3fc55ab611d27fef6b807d2bd4e64159706c779"
dependencies = [
 "cc",
 "clang",
 "dunce",
 "jobserver",
 "libc",
 "num-traits",
 "once_cell",
 "opencv-binding-generator",
 "pkg-config",
 "semver",
 "shlex",
 "vcpkg",
]

[[package]]
name = "opencv-binding-generator"
version = "0.60.0"
source = "registry+https://github.com/rust-lang/crates.io-index"
checksum = "a54dacbfd6f2e7630e33b4f15939e71e41f0145e0cd8eb04b1967d55f6cb4153"
dependencies = [
 "clang",
 "clang-sys",
 "dunce",
 "maplit",
 "once_cell",
 "percent-encoding",
 "regex",
]

[[package]]
name = "percent-encoding"
version = "2.3.0"
source = "registry+https://github.com/rust-lang/crates.io-index"
checksum = "9b2a4787296e9989611394c33f193f676704af1686e70b8f8033ab5ba9a35a94"

[[package]]
name = "pkg-config"
version = "0.3.27"
source = "registry+https://github.com/rust-lang/crates.io-index"
checksum = "26072860ba924cbfa98ea39c8c19b4dd6a4a25423dbdf219c1eca91aa0cf6964"

[[package]]
name = "regex"
version = "1.10.2"
source = "registry+https://github.com/rust-lang/crates.io-index"
checksum = "380b951a9c5e80ddfd6136919eef32310721aa4aacd4889a8d39124b026ab343"
dependencies = [
 "aho-corasick",
 "memchr",
 "regex-automata",
 "regex-syntax",
]

[[package]]
name = "regex-automata"
version = "0.4.3"
source = "registry+https://github.com/rust-lang/crates.io-index"
checksum = "5f804c7828047e88b2d32e2d7fe5a105da8ee3264f01902f796c8e067dc2483f"
dependencies = [
 "aho-corasick",
 "memchr",
 "regex-syntax",
]

[[package]]
name = "regex-syntax"
version = "0.8.2"
source = "registry+https://github.com/rust-lang/crates.io-index"
checksum = "c08c74e62047bb2de4ff487b251e4a92e24f48745648451635cec7d591162d9f"

[[package]]
name = "semver"
version = "1.0.20"
source = "registry+https://github.com/rust-lang/crates.io-index"
checksum = "836fa6a3e1e547f9a2c4040802ec865b5d85f4014efe00555d7090a3dcaa1090"

[[package]]
name = "server"
version = "0.1.0"
dependencies = [
 "opencv",
]

[[package]]
name = "shlex"
version = "1.2.0"
source = "registry+https://github.com/rust-lang/crates.io-index"
checksum = "a7cee0529a6d40f580e7a5e6c495c8fbfe21b7b52795ed4bb5e62cdf92bc6380"

[[package]]
name = "vcpkg"
version = "0.2.15"
source = "registry+https://github.com/rust-lang/crates.io-index"
checksum = "accd4ea62f7bb7a82fe23066fb0957d48ef677f6eeb8215f372f52e48bb32426"

[[package]]
name = "winapi"
version = "0.3.9"
source = "registry+https://github.com/rust-lang/crates.io-index"
checksum = "5c839a674fcd7a98952e593242ea400abe93992746761e38641405d28b00f419"
dependencies = [
 "winapi-i686-pc-windows-gnu",
 "winapi-x86_64-pc-windows-gnu",
]

[[package]]
name = "winapi-i686-pc-windows-gnu"
version = "0.4.0"
source = "registry+https://github.com/rust-lang/crates.io-index"
checksum = "ac3b87c63620426dd9b991e5ce0329eff545bccbbb34f3be09ff6fb6ab51b7b6"

[[package]]
name = "winapi-x86_64-pc-windows-gnu"
version = "0.4.0"
source = "registry+https://github.com/rust-lang/crates.io-index"
checksum = "712e227841d057c1ee1cd2fb22fa7e5a5461ae8e48fa2ca79ec42cfc1931183f"
